lockfileVersion: '6.0'

settings:
  autoInstallPeers: true
  excludeLinksFromLockfile: false

dependencies:
  rambda:
    specifier: ^9.2.1
    version: 9.2.1

packages:

  /rambda@9.2.1:
    resolution: {integrity: sha512-6Dp+QQVQuAuhwBlbIvL2FjJVHCKF29W+n9ca/BMTVDqpj+Q7KKqUh7UAINEna8aaB2/oRvPuL5hViCTQARa70Q==}
    dev: false
