lockfileVersion: '6.0'

settings:
  autoInstallPeers: true
  excludeLinksFromLockfile: false

dependencies:
  '@luca/cases':
    specifier: npm:@jsr/luca__cases@^1.0.0
    version: /@jsr/luca__cases@1.0.0
  rambda:
    specifier: ^9.2.1
    version: 9.2.1

packages:

  /@jsr/luca__cases@1.0.0:
    resolution: {integrity: sha512-h3nOT3+JVCXBsLd+st9cytZO+iqJYTTsm3rOrtZZXBgJ0nzBA5mDR9dI3k8wBDQ5AAqqJjD3UkhLxoRCEKwzgg==, tarball: https://npm.jsr.io/~/11/@jsr/luca__cases/1.0.0.tgz}
    dev: false

  /rambda@9.2.1:
    resolution: {integrity: sha512-6Dp+QQVQuAuhwBlbIvL2FjJVHCKF29W+n9ca/BMTVDqpj+Q7KKqUh7UAINEna8aaB2/oRvPuL5hViCTQARa70Q==}
    dev: false
