lockfileVersion: '6.0'

settings:
  autoInstallPeers: true
  excludeLinksFromLockfile: false

dependencies:
  '@yceffort/utils':
    specifier: npm:@jsr/yceffort__utils@^0.2.1
    version: /@jsr/yceffort__utils@0.2.1

packages:

  /@jsr/yceffort__utils@0.2.1:
    resolution: {integrity: sha512-slp+ALdVbSgRIGMCxs/8OoLQeAq4fJMrhm666V3AEf2oVbJR1i5Dwle56U0smIae89U5YsumuxW2PjBuwuV77w==, tarball: https://npm.jsr.io/~/11/@jsr/yceffort__utils/0.2.1.tgz}
    dev: false
