{
  "name": "my-package-test",
  "version": "1.0.0",
  "lockfileVersion": 3,
  "requires": true,
  "packages": {
    "": {
      "name": "my-package-test",
      "version": "1.0.0",
      "license": "ISC",
      "dependencies": {
        "my-package": "file:../my-package",
        "my-package-cjs": "file:../my-package-cjs",
        "my-package-esm": "file:../my-package-esm"
      }
    },
    "../my-package": {
      "version": "1.0.0",
      "license": "ISC"
    },
    "../my-package-cjs": {
      "version": "1.0.0",
      "license": "ISC",
      "dependencies": {
        "my-package": "file:../my-package"
      }
    },
    "../my-package-esm": {
      "version": "1.0.0",
      "license": "ISC",
      "dependencies": {
        "my-package": "file:../my-package"
      }
    },
    "node_modules/my-package": {
      "resolved": "../my-package",
      "link": true
    },
    "node_modules/my-package-cjs": {
      "resolved": "../my-package-cjs",
      "link": true
    },
    "node_modules/my-package-esm": {
      "resolved": "../my-package-esm",
      "link": true
    }
  }
}
